<?xml version="1.0" encoding="UTF-8"?>
<CodeBlocks_project_file>
	<FileVersion major="1" minor="6"/>
	<Project>
		<Option title="JamEngineTest"/>
		<Option makefile_is_custom="1"/>
		<Option compiler="gcc"/>
		<Option virtualFolders="CMake Files\;CMake Files\lib\;CMake Files\test\;"/>
		<Build>
			<Target title="all">
				<Option working_dir="/home/plo/jamengine/test"/>
				<Option type="4"/>
				<MakeCommands>
					<Build command="/usr/bin/gmake -j4 -f &quot;/home/plo/jamengine/test/Makefile&quot;  VERBOSE=1 all"/>
					<CompileFile command="/usr/bin/gmake -j4 -f &quot;/home/plo/jamengine/test/Makefile&quot;  VERBOSE=1 &quot;$file&quot;"/>
					<Clean command="/usr/bin/gmake -j4 -f &quot;/home/plo/jamengine/test/Makefile&quot;  VERBOSE=1 clean"/>
					<DistClean command="/usr/bin/gmake -j4 -f &quot;/home/plo/jamengine/test/Makefile&quot;  VERBOSE=1 clean"/>
				</MakeCommands>
			</Target>
			<Target title="JamEngineTest">
				<Option output="/home/plo/jamengine/test/JamEngineTest" prefix_auto="0" extension_auto="0"/>
				<Option working_dir=""/>
				<Option object_output="./"/>
				<Option type="1"/>
				<Option compiler="gcc"/>
				<Compiler>
					<Add directory="/home/plo/jamengine/test/../include"/>
					<Add directory="/usr/include/c++/7"/>
					<Add directory="/usr/include/c++/7/x86_64-suse-linux"/>
					<Add directory="/usr/include/c++/7/backward"/>
					<Add directory="/usr/lib64/gcc/x86_64-suse-linux/7/include"/>
					<Add directory="/usr/local/include"/>
					<Add directory="/usr/lib64/gcc/x86_64-suse-linux/7/include-fixed"/>
					<Add directory="/usr/lib64/gcc/x86_64-suse-linux/7/../../../../x86_64-suse-linux/include"/>
					<Add directory="/usr/include"/>
				</Compiler>
				<MakeCommands>
					<Build command="/usr/bin/gmake -j4 -f &quot;/home/plo/jamengine/test/Makefile&quot;  VERBOSE=1 JamEngineTest"/>
					<CompileFile command="/usr/bin/gmake -j4 -f &quot;/home/plo/jamengine/test/Makefile&quot;  VERBOSE=1 &quot;$file&quot;"/>
					<Clean command="/usr/bin/gmake -j4 -f &quot;/home/plo/jamengine/test/Makefile&quot;  VERBOSE=1 clean"/>
					<DistClean command="/usr/bin/gmake -j4 -f &quot;/home/plo/jamengine/test/Makefile&quot;  VERBOSE=1 clean"/>
				</MakeCommands>
			</Target>
			<Target title="JamEngineTest/fast">
				<Option output="/home/plo/jamengine/test/JamEngineTest" prefix_auto="0" extension_auto="0"/>
				<Option working_dir=""/>
				<Option object_output="./"/>
				<Option type="1"/>
				<Option compiler="gcc"/>
				<Compiler>
					<Add directory="/home/plo/jamengine/test/../include"/>
					<Add directory="/usr/include/c++/7"/>
					<Add directory="/usr/include/c++/7/x86_64-suse-linux"/>
					<Add directory="/usr/include/c++/7/backward"/>
					<Add directory="/usr/lib64/gcc/x86_64-suse-linux/7/include"/>
					<Add directory="/usr/local/include"/>
					<Add directory="/usr/lib64/gcc/x86_64-suse-linux/7/include-fixed"/>
					<Add directory="/usr/lib64/gcc/x86_64-suse-linux/7/../../../../x86_64-suse-linux/include"/>
					<Add directory="/usr/include"/>
				</Compiler>
				<MakeCommands>
					<Build command="/usr/bin/gmake -j4 -f &quot;/home/plo/jamengine/test/Makefile&quot;  VERBOSE=1 JamEngineTest/fast"/>
					<CompileFile command="/usr/bin/gmake -j4 -f &quot;/home/plo/jamengine/test/Makefile&quot;  VERBOSE=1 &quot;$file&quot;"/>
					<Clean command="/usr/bin/gmake -j4 -f &quot;/home/plo/jamengine/test/Makefile&quot;  VERBOSE=1 clean"/>
					<DistClean command="/usr/bin/gmake -j4 -f &quot;/home/plo/jamengine/test/Makefile&quot;  VERBOSE=1 clean"/>
				</MakeCommands>
			</Target>
		</Build>
		<Unit filename="/home/plo/jamengine/test/test.c">
			<Option target="JamEngineTest"/>
		</Unit>
		<Unit filename="/home/plo/jamengine/CMakeLists.txt">
			<Option virtualFolder="CMake Files\"/>
		</Unit>
		<Unit filename="/home/plo/jamengine/lib/CMakeLists.txt">
			<Option virtualFolder="CMake Files\lib\"/>
		</Unit>
		<Unit filename="/home/plo/jamengine/lib/FindALUT.cmake">
			<Option virtualFolder="CMake Files\lib\"/>
		</Unit>
		<Unit filename="/home/plo/jamengine/lib/FindSDL2.cmake">
			<Option virtualFolder="CMake Files\lib\"/>
		</Unit>
		<Unit filename="/home/plo/jamengine/lib/FindSDL2_image.cmake">
			<Option virtualFolder="CMake Files\lib\"/>
		</Unit>
		<Unit filename="/home/plo/jamengine/test/CMakeLists.txt">
			<Option virtualFolder="CMake Files\test\"/>
		</Unit>
		<Unit filename="/home/plo/jamengine/test/FindALUT.cmake">
			<Option virtualFolder="CMake Files\test\"/>
		</Unit>
		<Unit filename="/home/plo/jamengine/test/FindSDL2.cmake">
			<Option virtualFolder="CMake Files\test\"/>
		</Unit>
		<Unit filename="/home/plo/jamengine/test/FindSDL2_image.cmake">
			<Option virtualFolder="CMake Files\test\"/>
		</Unit>
	</Project>
</CodeBlocks_project_file>
